
Microsoft Visual Studio Solution File, Format Version 12.00
# Visual Studio Version 16
VisualStudioVersion = 16.0.30330.147
MinimumVisualStudioVersion = 10.0.40219.1
Project("{FAE04EC0-301F-11D3-BF4B-00C04F79EFBC}") = "BookingServices", "BookingServices\BookingServices.csproj", "{97CB7392-BB78-4EF9-8769-5C73BFBB8CF3}"
	ProjectSection(ProjectDependencies) = postProject
		{CF78366F-BC71-4DB8-B096-029681982817} = {CF78366F-BC71-4DB8-B096-029681982817}
	EndProjectSection
EndProject
Project("{FAE04EC0-301F-11D3-BF4B-00C04F79EFBC}") = "ServicesModel", "ServicesModel\ServicesModel.csproj", "{CF78366F-BC71-4DB8-B096-029681982817}"
EndProject
Global
	GlobalSection(SolutionConfigurationPlatforms) = preSolution
		Debug|Any CPU = Debug|Any CPU
		Release|Any CPU = Release|Any CPU
	EndGlobalSection
	GlobalSection(ProjectConfigurationPlatforms) = postSolution
		{97CB7392-BB78-4EF9-8769-5C73BFBB8CF3}.Debug|Any CPU.ActiveCfg = Debug|Any CPU
		{97CB7392-BB78-4EF9-8769-5C73BFBB8CF3}.Debug|Any CPU.Build.0 = Debug|Any CPU
		{97CB7392-BB78-4EF9-8769-5C73BFBB8CF3}.Release|Any CPU.ActiveCfg = Release|Any CPU
		{97CB7392-BB78-4EF9-8769-5C73BFBB8CF3}.Release|Any CPU.Build.0 = Release|Any CPU
		{CF78366F-BC71-4DB8-B096-029681982817}.Debug|Any CPU.ActiveCfg = Debug|Any CPU
		{CF78366F-BC71-4DB8-B096-029681982817}.Debug|Any CPU.Build.0 = Debug|Any CPU
		{CF78366F-BC71-4DB8-B096-029681982817}.Release|Any CPU.ActiveCfg = Release|Any CPU
		{CF78366F-BC71-4DB8-B096-029681982817}.Release|Any CPU.Build.0 = Release|Any CPU
	EndGlobalSection
	GlobalSection(SolutionProperties) = preSolution
		HideSolutionNode = FALSE
	EndGlobalSection
	GlobalSection(ExtensibilityGlobals) = postSolution
		SolutionGuid = {0171F590-3B47-4569-BA0D-38852F8ECF00}
	EndGlobalSection
EndGlobal
